Microsoft Visual Studio Solution File, Format Version 12.00
# Visual Studio Version 17
VisualStudioVersion = 17.8.0.0
MinimumVisualStudioVersion = 17.8.0.0
Project("{9A19103F-16F7-4668-BE54-9A1E7A4F7556}") = "GameRecommender.AppHost", "GameRecommender.AppHost\GameRecommender.AppHost.csproj", "{BAD3D25F-AC05-43DD-A921-07FDD095F6F4}"
EndProject
Project("{9A19103F-16F7-4668-BE54-9A1E7A4F7556}") = "GameRecommender.ServiceDefaults", "GameRecommender.ServiceDefaults\GameRecommender.ServiceDefaults.csproj", "{5FA3D13A-DB39-4AD6-A2F2-6A90A58A9DC9}"
EndProject
Project("{9A19103F-16F7-4668-BE54-9A1E7A4F7556}") = "GameRecommender.ApiService", "GameRecommender.ApiService\GameRecommender.ApiService.csproj", "{DB75DD5A-ABA3-4533-88EC-BAC414DA58E4}"
EndProject
Project("{9A19103F-16F7-4668-BE54-9A1E7A4F7556}") = "GameRecommender.Tests", "GameRecommender.Tests\GameRecommender.Tests.csproj", "{BF9A474E-78CD-432E-9F20-E721D3062602}"
EndProject
Project("{9A19103F-16F7-4668-BE54-9A1E7A4F7556}") = "GameRecommender.Web", "GameRecommender.Web\GameRecommender.Web.csproj", "{1CFEF149-D1A9-4573-8F21-BD3512EE3060}"
EndProject
Global
	GlobalSection(SolutionConfigurationPlatforms) = preSolution
		Debug|Any CPU = Debug|Any CPU
		Release|Any CPU = Release|Any CPU
	EndGlobalSection
	GlobalSection(ProjectConfigurationPlatforms) = postSolution
		{BAD3D25F-AC05-43DD-A921-07FDD095F6F4}.Debug|Any CPU.ActiveCfg = Debug|Any CPU
		{BAD3D25F-AC05-43DD-A921-07FDD095F6F4}.Debug|Any CPU.Build.0 = Debug|Any CPU
		{BAD3D25F-AC05-43DD-A921-07FDD095F6F4}.Release|Any CPU.ActiveCfg = Release|Any CPU
		{BAD3D25F-AC05-43DD-A921-07FDD095F6F4}.Release|Any CPU.Build.0 = Release|Any CPU
		{5FA3D13A-DB39-4AD6-A2F2-6A90A58A9DC9}.Debug|Any CPU.ActiveCfg = Debug|Any CPU
		{5FA3D13A-DB39-4AD6-A2F2-6A90A58A9DC9}.Debug|Any CPU.Build.0 = Debug|Any CPU
		{5FA3D13A-DB39-4AD6-A2F2-6A90A58A9DC9}.Release|Any CPU.ActiveCfg = Release|Any CPU
		{5FA3D13A-DB39-4AD6-A2F2-6A90A58A9DC9}.Release|Any CPU.Build.0 = Release|Any CPU
		{DB75DD5A-ABA3-4533-88EC-BAC414DA58E4}.Debug|Any CPU.ActiveCfg = Debug|Any CPU
		{DB75DD5A-ABA3-4533-88EC-BAC414DA58E4}.Debug|Any CPU.Build.0 = Debug|Any CPU
		{DB75DD5A-ABA3-4533-88EC-BAC414DA58E4}.Release|Any CPU.ActiveCfg = Release|Any CPU
		{DB75DD5A-ABA3-4533-88EC-BAC414DA58E4}.Release|Any CPU.Build.0 = Release|Any CPU
		{BF9A474E-78CD-432E-9F20-E721D3062602}.Debug|Any CPU.ActiveCfg = Debug|Any CPU
		{BF9A474E-78CD-432E-9F20-E721D3062602}.Debug|Any CPU.Build.0 = Debug|Any CPU
		{BF9A474E-78CD-432E-9F20-E721D3062602}.Release|Any CPU.ActiveCfg = Release|Any CPU
		{BF9A474E-78CD-432E-9F20-E721D3062602}.Release|Any CPU.Build.0 = Release|Any CPU
		{1CFEF149-D1A9-4573-8F21-BD3512EE3060}.Debug|Any CPU.ActiveCfg = Debug|Any CPU
		{1CFEF149-D1A9-4573-8F21-BD3512EE3060}.Debug|Any CPU.Build.0 = Debug|Any CPU
		{1CFEF149-D1A9-4573-8F21-BD3512EE3060}.Release|Any CPU.ActiveCfg = Release|Any CPU
		{1CFEF149-D1A9-4573-8F21-BD3512EE3060}.Release|Any CPU.Build.0 = Release|Any CPU
	EndGlobalSection
	GlobalSection(SolutionProperties) = preSolution
		HideSolutionNode = FALSE
	EndGlobalSection
	GlobalSection(ExtensibilityGlobals) = postSolution
		SolutionGuid = {337A94AE-3530-4891-9D2F-AAD18CBE0CF6}
	EndGlobalSection
EndGlobal
